
Microsoft Visual Studio Solution File, Format Version 11.00
# Visual Studio 2010
Project("{FAE04EC0-301F-11D3-BF4B-00C04F79EFBC}") = "JabbR.Eto.Mac", "JabbR.Eto.Mac\JabbR.Eto.Mac.csproj", "{BFCA748E-A677-472C-8351-F5EBA368BCB5}"
EndProject
Project("{FAE04EC0-301F-11D3-BF4B-00C04F79EFBC}") = "Eto", "..\Libraries\Eto.Forms\Source\Eto\Eto.csproj", "{16289D2F-044C-49EF-83E9-9391AFF8FD2B}"
EndProject
Project("{FAE04EC0-301F-11D3-BF4B-00C04F79EFBC}") = "Eto.Platform.Mac", "..\Libraries\Eto.Forms\Source\Eto.Platform.Mac\Eto.Platform.Mac.csproj", "{9DD10DFF-5AB3-4E66-B798-CA17911A61E4}"
EndProject
Project("{FAE04EC0-301F-11D3-BF4B-00C04F79EFBC}") = "JabbR.Eto", "JabbR.Eto\JabbR.Eto.csproj", "{1CC5D427-7C46-44BB-ABE6-DA6F30828ED8}"
EndProject
Project("{FAE04EC0-301F-11D3-BF4B-00C04F79EFBC}") = "Newtonsoft.Json.Mono", "..\Libraries\Newtonsoft.Json.Mono.csproj", "{A9AE40FF-1A21-414A-9FE7-3BE13644CC6D}"
EndProject
Project("{FAE04EC0-301F-11D3-BF4B-00C04F79EFBC}") = "SignalR.Client.Mono", "..\Libraries\SignalR.Client.Mono.csproj", "{EB46B9C6-EE37-48F9-835E-E49580E40E0A}"
EndProject
Project("{FAE04EC0-301F-11D3-BF4B-00C04F79EFBC}") = "JabbR.Client.Mono", "..\Libraries\JabbR.Client.Mono.csproj", "{A4A1D183-FD80-4DBD-806F-883DDADD4967}"
EndProject
Global
	GlobalSection(SolutionConfigurationPlatforms) = preSolution
		Debug|Any CPU = Debug|Any CPU
		Release|Any CPU = Release|Any CPU
	EndGlobalSection
	GlobalSection(ProjectConfigurationPlatforms) = postSolution
		{16289D2F-044C-49EF-83E9-9391AFF8FD2B}.Debug|Any CPU.ActiveCfg = Debug|Any CPU
		{16289D2F-044C-49EF-83E9-9391AFF8FD2B}.Debug|Any CPU.Build.0 = Debug|Any CPU
		{16289D2F-044C-49EF-83E9-9391AFF8FD2B}.Release|Any CPU.ActiveCfg = Release|Any CPU
		{16289D2F-044C-49EF-83E9-9391AFF8FD2B}.Release|Any CPU.Build.0 = Release|Any CPU
		{1CC5D427-7C46-44BB-ABE6-DA6F30828ED8}.Debug|Any CPU.ActiveCfg = Debug|Any CPU
		{1CC5D427-7C46-44BB-ABE6-DA6F30828ED8}.Debug|Any CPU.Build.0 = Debug|Any CPU
		{1CC5D427-7C46-44BB-ABE6-DA6F30828ED8}.Release|Any CPU.ActiveCfg = Release|Any CPU
		{1CC5D427-7C46-44BB-ABE6-DA6F30828ED8}.Release|Any CPU.Build.0 = Release|Any CPU
		{9DD10DFF-5AB3-4E66-B798-CA17911A61E4}.Debug|Any CPU.ActiveCfg = Debug|Any CPU
		{9DD10DFF-5AB3-4E66-B798-CA17911A61E4}.Debug|Any CPU.Build.0 = Debug|Any CPU
		{9DD10DFF-5AB3-4E66-B798-CA17911A61E4}.Release|Any CPU.ActiveCfg = Release|Any CPU
		{9DD10DFF-5AB3-4E66-B798-CA17911A61E4}.Release|Any CPU.Build.0 = Release|Any CPU
		{A4A1D183-FD80-4DBD-806F-883DDADD4967}.Debug|Any CPU.ActiveCfg = Debug|Any CPU
		{A4A1D183-FD80-4DBD-806F-883DDADD4967}.Debug|Any CPU.Build.0 = Debug|Any CPU
		{A4A1D183-FD80-4DBD-806F-883DDADD4967}.Release|Any CPU.ActiveCfg = Release|Any CPU
		{A4A1D183-FD80-4DBD-806F-883DDADD4967}.Release|Any CPU.Build.0 = Release|Any CPU
		{A9AE40FF-1A21-414A-9FE7-3BE13644CC6D}.Debug|Any CPU.ActiveCfg = Debug|Any CPU
		{A9AE40FF-1A21-414A-9FE7-3BE13644CC6D}.Debug|Any CPU.Build.0 = Debug|Any CPU
		{A9AE40FF-1A21-414A-9FE7-3BE13644CC6D}.Release|Any CPU.ActiveCfg = Release|Any CPU
		{A9AE40FF-1A21-414A-9FE7-3BE13644CC6D}.Release|Any CPU.Build.0 = Release|Any CPU
		{BFCA748E-A677-472C-8351-F5EBA368BCB5}.Debug|Any CPU.ActiveCfg = Debug|x86
		{BFCA748E-A677-472C-8351-F5EBA368BCB5}.Debug|Any CPU.Build.0 = Debug|x86
		{BFCA748E-A677-472C-8351-F5EBA368BCB5}.Release|Any CPU.ActiveCfg = Release|x86
		{BFCA748E-A677-472C-8351-F5EBA368BCB5}.Release|Any CPU.Build.0 = Release|x86
		{EB46B9C6-EE37-48F9-835E-E49580E40E0A}.Debug|Any CPU.ActiveCfg = Debug|Any CPU
		{EB46B9C6-EE37-48F9-835E-E49580E40E0A}.Debug|Any CPU.Build.0 = Debug|Any CPU
		{EB46B9C6-EE37-48F9-835E-E49580E40E0A}.Release|Any CPU.ActiveCfg = Release|Any CPU
		{EB46B9C6-EE37-48F9-835E-E49580E40E0A}.Release|Any CPU.Build.0 = Release|Any CPU
	EndGlobalSection
	GlobalSection(MonoDevelopProperties) = preSolution
		StartupItem = JabbR.Eto.Mac\JabbR.Eto.Mac.csproj
		Policies = $0
		$0.DotNetNamingPolicy = $1
		$1.DirectoryNamespaceAssociation = PrefixedHierarchical
		$1.ResourceNamePolicy = MSBuild
		$0.TextStylePolicy = $2
		$2.inheritsSet = null
		$2.scope = text/x-csharp
		$0.CSharpFormattingPolicy = $3
		$3.inheritsSet = Mono
		$3.inheritsScope = text/x-csharp
		$3.scope = text/x-csharp
		$0.TextStylePolicy = $4
		$4.FileWidth = 120
		$4.TabsToSpaces = False
		$4.RemoveTrailingWhitespace = False
		$4.inheritsSet = VisualStudio
		$4.inheritsScope = text/plain
		$4.scope = text/plain
		$0.TextStylePolicy = $5
		$5.inheritsSet = null
		$5.scope = application/config+xml
		$0.XmlFormattingPolicy = $6
		$6.inheritsSet = null
		$6.scope = application/config+xml
	EndGlobalSection
	GlobalSection(SolutionProperties) = preSolution
		HideSolutionNode = FALSE
	EndGlobalSection
EndGlobal
